
Microsoft Visual Studio Solution File, Format Version 12.00
# Visual Studio Version 16
VisualStudioVersion = 16.0.808.4
MinimumVisualStudioVersion = 10.0.40219.1
Project("{FAE04EC0-301F-11D3-BF4B-00C04F79EFBC}") = "DuplicateCodeSearcherLib", "DuplicateCodeSearcherLib\DuplicateCodeSearcherLib.csproj", "{C53E22BF-6628-42DA-A148-4F3109231F0D}"
EndProject
Global
	GlobalSection(SolutionConfigurationPlatforms) = preSolution
		Debug|Any CPU = Debug|Any CPU
		Release|Any CPU = Release|Any CPU
	EndGlobalSection
	GlobalSection(ProjectConfigurationPlatforms) = postSolution
		{C53E22BF-6628-42DA-A148-4F3109231F0D}.Debug|Any CPU.ActiveCfg = Debug|Any CPU
		{C53E22BF-6628-42DA-A148-4F3109231F0D}.Debug|Any CPU.Build.0 = Debug|Any CPU
		{C53E22BF-6628-42DA-A148-4F3109231F0D}.Release|Any CPU.ActiveCfg = Release|Any CPU
		{C53E22BF-6628-42DA-A148-4F3109231F0D}.Release|Any CPU.Build.0 = Release|Any CPU
	EndGlobalSection
	GlobalSection(SolutionProperties) = preSolution
		HideSolutionNode = FALSE
	EndGlobalSection
	GlobalSection(ExtensibilityGlobals) = postSolution
		SolutionGuid = {D161F33A-61A5-4275-87A8-093A629BA427}
	EndGlobalSection
EndGlobal
